
Microsoft Visual Studio Solution File, Format Version 12.00
# Visual Studio 14
VisualStudioVersion = 14.0.25420.1
MinimumVisualStudioVersion = 10.0.40219.1
Project("{2150E333-8FDC-42A3-9474-1A3956D46DE8}") = "src", "src", "{1BE007AB-D87D-4135-A451-DD3BD59DB8F6}"
EndProject
Project("{FAE04EC0-301F-11D3-BF4B-00C04F79EFBC}") = "Calculator", "Calculator\Calculator.csproj", "{190569D5-C542-45F7-818B-3F9A4413FAE3}"
EndProject
Project("{2150E333-8FDC-42A3-9474-1A3956D46DE8}") = "Modules", "Modules", "{D5A603A2-2889-484D-81FA-83C0AC2DFF71}"
EndProject
Project("{2150E333-8FDC-42A3-9474-1A3956D46DE8}") = "Solution Items", "Solution Items", "{6220F639-712D-48EE-9937-45B71B44DA28}"
	ProjectSection(SolutionItems) = preProject
		README.md = README.md
	EndProjectSection
EndProject
Project("{FAE04EC0-301F-11D3-BF4B-00C04F79EFBC}") = "CalculatorModule", "CalculatorModule\CalculatorModule.csproj", "{8F6C909F-AB2F-4942-87F8-B4E5FFFE6E92}"
EndProject
Project("{FAE04EC0-301F-11D3-BF4B-00C04F79EFBC}") = "Calc.Common", "Calc.Common\Calc.Common.csproj", "{60D81834-A22D-4A77-AF6D-132DDAEFBC53}"
EndProject
Project("{2150E333-8FDC-42A3-9474-1A3956D46DE8}") = "UnitTests", "UnitTests", "{201C9C39-0661-47F6-BAAA-084010902D17}"
EndProject
Project("{FAE04EC0-301F-11D3-BF4B-00C04F79EFBC}") = "Tests", "Tests\Tests.csproj", "{DDF13320-F484-4ED6-924C-DFE1205E3001}"
EndProject
Global
	GlobalSection(SolutionConfigurationPlatforms) = preSolution
		Debug|Any CPU = Debug|Any CPU
		Release|Any CPU = Release|Any CPU
	EndGlobalSection
	GlobalSection(ProjectConfigurationPlatforms) = postSolution
		{190569D5-C542-45F7-818B-3F9A4413FAE3}.Debug|Any CPU.ActiveCfg = Debug|Any CPU
		{190569D5-C542-45F7-818B-3F9A4413FAE3}.Debug|Any CPU.Build.0 = Debug|Any CPU
		{190569D5-C542-45F7-818B-3F9A4413FAE3}.Release|Any CPU.ActiveCfg = Release|Any CPU
		{190569D5-C542-45F7-818B-3F9A4413FAE3}.Release|Any CPU.Build.0 = Release|Any CPU
		{8F6C909F-AB2F-4942-87F8-B4E5FFFE6E92}.Debug|Any CPU.ActiveCfg = Debug|Any CPU
		{8F6C909F-AB2F-4942-87F8-B4E5FFFE6E92}.Debug|Any CPU.Build.0 = Debug|Any CPU
		{8F6C909F-AB2F-4942-87F8-B4E5FFFE6E92}.Release|Any CPU.ActiveCfg = Release|Any CPU
		{8F6C909F-AB2F-4942-87F8-B4E5FFFE6E92}.Release|Any CPU.Build.0 = Release|Any CPU
		{60D81834-A22D-4A77-AF6D-132DDAEFBC53}.Debug|Any CPU.ActiveCfg = Debug|Any CPU
		{60D81834-A22D-4A77-AF6D-132DDAEFBC53}.Debug|Any CPU.Build.0 = Debug|Any CPU
		{60D81834-A22D-4A77-AF6D-132DDAEFBC53}.Release|Any CPU.ActiveCfg = Release|Any CPU
		{60D81834-A22D-4A77-AF6D-132DDAEFBC53}.Release|Any CPU.Build.0 = Release|Any CPU
		{DDF13320-F484-4ED6-924C-DFE1205E3001}.Debug|Any CPU.ActiveCfg = Debug|Any CPU
		{DDF13320-F484-4ED6-924C-DFE1205E3001}.Debug|Any CPU.Build.0 = Debug|Any CPU
		{DDF13320-F484-4ED6-924C-DFE1205E3001}.Release|Any CPU.ActiveCfg = Release|Any CPU
		{DDF13320-F484-4ED6-924C-DFE1205E3001}.Release|Any CPU.Build.0 = Release|Any CPU
	EndGlobalSection
	GlobalSection(SolutionProperties) = preSolution
		HideSolutionNode = FALSE
	EndGlobalSection
	GlobalSection(NestedProjects) = preSolution
		{190569D5-C542-45F7-818B-3F9A4413FAE3} = {1BE007AB-D87D-4135-A451-DD3BD59DB8F6}
		{D5A603A2-2889-484D-81FA-83C0AC2DFF71} = {1BE007AB-D87D-4135-A451-DD3BD59DB8F6}
		{8F6C909F-AB2F-4942-87F8-B4E5FFFE6E92} = {D5A603A2-2889-484D-81FA-83C0AC2DFF71}
		{60D81834-A22D-4A77-AF6D-132DDAEFBC53} = {1BE007AB-D87D-4135-A451-DD3BD59DB8F6}
		{DDF13320-F484-4ED6-924C-DFE1205E3001} = {201C9C39-0661-47F6-BAAA-084010902D17}
	EndGlobalSection
EndGlobal
