
Microsoft Visual Studio Solution File, Format Version 12.00
# Visual Studio 14
VisualStudioVersion = 14.0.25420.1
MinimumVisualStudioVersion = 10.0.40219.1
Project("{2150E333-8FDC-42A3-9474-1A3956D46DE8}") = "src", "src", "{1BE007AB-D87D-4135-A451-DD3BD59DB8F6}"
EndProject
Project("{FAE04EC0-301F-11D3-BF4B-00C04F79EFBC}") = "Calculator", "Calculator\Calculator.csproj", "{190569D5-C542-45F7-818B-3F9A4413FAE3}"
EndProject
Project("{2150E333-8FDC-42A3-9474-1A3956D46DE8}") = "Modules", "Modules", "{D5A603A2-2889-484D-81FA-83C0AC2DFF71}"
EndProject
Global
	GlobalSection(SolutionConfigurationPlatforms) = preSolution
		Debug|Any CPU = Debug|Any CPU
		Release|Any CPU = Release|Any CPU
	EndGlobalSection
	GlobalSection(ProjectConfigurationPlatforms) = postSolution
		{190569D5-C542-45F7-818B-3F9A4413FAE3}.Debug|Any CPU.ActiveCfg = Debug|Any CPU
		{190569D5-C542-45F7-818B-3F9A4413FAE3}.Debug|Any CPU.Build.0 = Debug|Any CPU
		{190569D5-C542-45F7-818B-3F9A4413FAE3}.Release|Any CPU.ActiveCfg = Release|Any CPU
		{190569D5-C542-45F7-818B-3F9A4413FAE3}.Release|Any CPU.Build.0 = Release|Any CPU
	EndGlobalSection
	GlobalSection(SolutionProperties) = preSolution
		HideSolutionNode = FALSE
	EndGlobalSection
	GlobalSection(NestedProjects) = preSolution
		{190569D5-C542-45F7-818B-3F9A4413FAE3} = {1BE007AB-D87D-4135-A451-DD3BD59DB8F6}
		{D5A603A2-2889-484D-81FA-83C0AC2DFF71} = {1BE007AB-D87D-4135-A451-DD3BD59DB8F6}
	EndGlobalSection
EndGlobal
